
Microsoft Visual Studio Solution File, Format Version 12.00
# Visual Studio Version 17
VisualStudioVersion = 17.0.31903.59
MinimumVisualStudioVersion = 10.0.40219.1
Project("{2150E333-8FDC-42A3-9474-1A3956D46DE8}") = "src", "src", "{827E0CD3-B72D-47B6-A68D-7590B98EB39B}"
EndProject
Project("{FAE04EC0-301F-11D3-BF4B-00C04F79EFBC}") = "SmartPlagiarism.Engine", "src\SmartPlagiarism.Engine\SmartPlagiarism.Engine.csproj", "{359CC987-E7D4-4BD4-8222-104F0CDC6756}"
EndProject
Project("{FAE04EC0-301F-11D3-BF4B-00C04F79EFBC}") = "SmartPlagiarism.Core", "src\SmartPlagiarism.Core\SmartPlagiarism.Core.csproj", "{11E94D15-BAB9-479F-A598-A1680C0A73CD}"
EndProject
Project("{FAE04EC0-301F-11D3-BF4B-00C04F79EFBC}") = "SmartPlagiarism.Infrastructure", "src\SmartPlagiarism.Infrastructure\SmartPlagiarism.Infrastructure.csproj", "{624C287B-1F78-4CA1-B455-632A5C2CFCF7}"
EndProject
Project("{FAE04EC0-301F-11D3-BF4B-00C04F79EFBC}") = "SmartPlagiarism.Web", "src\SmartPlagiarism.Web\SmartPlagiarism.Web.csproj", "{7AB0D75C-B975-43B9-B8DA-8A243C8A17CF}"
EndProject
Project("{2150E333-8FDC-42A3-9474-1A3956D46DE8}") = "tests", "tests", "{0AB3BF05-4346-4AA6-1389-037BE0695223}"
EndProject
Project("{FAE04EC0-301F-11D3-BF4B-00C04F79EFBC}") = "SmartPlagiarism.Tests", "tests\SmartPlagiarism.Tests\SmartPlagiarism.Tests.csproj", "{6990BBE6-8840-49F3-A9C9-70577D0228EE}"
EndProject
Global
	GlobalSection(SolutionConfigurationPlatforms) = preSolution
		Debug|Any CPU = Debug|Any CPU
		Debug|x64 = Debug|x64
		Debug|x86 = Debug|x86
		Release|Any CPU = Release|Any CPU
		Release|x64 = Release|x64
		Release|x86 = Release|x86
	EndGlobalSection
	GlobalSection(ProjectConfigurationPlatforms) = postSolution
		{359CC987-E7D4-4BD4-8222-104F0CDC6756}.Debug|Any CPU.ActiveCfg = Debug|Any CPU
		{359CC987-E7D4-4BD4-8222-104F0CDC6756}.Debug|Any CPU.Build.0 = Debug|Any CPU
		{359CC987-E7D4-4BD4-8222-104F0CDC6756}.Debug|x64.ActiveCfg = Debug|Any CPU
		{359CC987-E7D4-4BD4-8222-104F0CDC6756}.Debug|x64.Build.0 = Debug|Any CPU
		{359CC987-E7D4-4BD4-8222-104F0CDC6756}.Debug|x86.ActiveCfg = Debug|Any CPU
		{359CC987-E7D4-4BD4-8222-104F0CDC6756}.Debug|x86.Build.0 = Debug|Any CPU
		{359CC987-E7D4-4BD4-8222-104F0CDC6756}.Release|Any CPU.ActiveCfg = Release|Any CPU
		{359CC987-E7D4-4BD4-8222-104F0CDC6756}.Release|Any CPU.Build.0 = Release|Any CPU
		{359CC987-E7D4-4BD4-8222-104F0CDC6756}.Release|x64.ActiveCfg = Release|Any CPU
		{359CC987-E7D4-4BD4-8222-104F0CDC6756}.Release|x64.Build.0 = Release|Any CPU
		{359CC987-E7D4-4BD4-8222-104F0CDC6756}.Release|x86.ActiveCfg = Release|Any CPU
		{359CC987-E7D4-4BD4-8222-104F0CDC6756}.Release|x86.Build.0 = Release|Any CPU
		{11E94D15-BAB9-479F-A598-A1680C0A73CD}.Debug|Any CPU.ActiveCfg = Debug|Any CPU
		{11E94D15-BAB9-479F-A598-A1680C0A73CD}.Debug|Any CPU.Build.0 = Debug|Any CPU
		{11E94D15-BAB9-479F-A598-A1680C0A73CD}.Debug|x64.ActiveCfg = Debug|Any CPU
		{11E94D15-BAB9-479F-A598-A1680C0A73CD}.Debug|x64.Build.0 = Debug|Any CPU
		{11E94D15-BAB9-479F-A598-A1680C0A73CD}.Debug|x86.ActiveCfg = Debug|Any CPU
		{11E94D15-BAB9-479F-A598-A1680C0A73CD}.Debug|x86.Build.0 = Debug|Any CPU
		{11E94D15-BAB9-479F-A598-A1680C0A73CD}.Release|Any CPU.ActiveCfg = Release|Any CPU
		{11E94D15-BAB9-479F-A598-A1680C0A73CD}.Release|Any CPU.Build.0 = Release|Any CPU
		{11E94D15-BAB9-479F-A598-A1680C0A73CD}.Release|x64.ActiveCfg = Release|Any CPU
		{11E94D15-BAB9-479F-A598-A1680C0A73CD}.Release|x64.Build.0 = Release|Any CPU
		{11E94D15-BAB9-479F-A598-A1680C0A73CD}.Release|x86.ActiveCfg = Release|Any CPU
		{11E94D15-BAB9-479F-A598-A1680C0A73CD}.Release|x86.Build.0 = Release|Any CPU
		{624C287B-1F78-4CA1-B455-632A5C2CFCF7}.Debug|Any CPU.ActiveCfg = Debug|Any CPU
		{624C287B-1F78-4CA1-B455-632A5C2CFCF7}.Debug|Any CPU.Build.0 = Debug|Any CPU
		{624C287B-1F78-4CA1-B455-632A5C2CFCF7}.Debug|x64.ActiveCfg = Debug|Any CPU
		{624C287B-1F78-4CA1-B455-632A5C2CFCF7}.Debug|x64.Build.0 = Debug|Any CPU
		{624C287B-1F78-4CA1-B455-632A5C2CFCF7}.Debug|x86.ActiveCfg = Debug|Any CPU
		{624C287B-1F78-4CA1-B455-632A5C2CFCF7}.Debug|x86.Build.0 = Debug|Any CPU
		{624C287B-1F78-4CA1-B455-632A5C2CFCF7}.Release|Any CPU.ActiveCfg = Release|Any CPU
		{624C287B-1F78-4CA1-B455-632A5C2CFCF7}.Release|Any CPU.Build.0 = Release|Any CPU
		{624C287B-1F78-4CA1-B455-632A5C2CFCF7}.Release|x64.ActiveCfg = Release|Any CPU
		{624C287B-1F78-4CA1-B455-632A5C2CFCF7}.Release|x64.Build.0 = Release|Any CPU
		{624C287B-1F78-4CA1-B455-632A5C2CFCF7}.Release|x86.ActiveCfg = Release|Any CPU
		{624C287B-1F78-4CA1-B455-632A5C2CFCF7}.Release|x86.Build.0 = Release|Any CPU
		{7AB0D75C-B975-43B9-B8DA-8A243C8A17CF}.Debug|Any CPU.ActiveCfg = Debug|Any CPU
		{7AB0D75C-B975-43B9-B8DA-8A243C8A17CF}.Debug|Any CPU.Build.0 = Debug|Any CPU
		{7AB0D75C-B975-43B9-B8DA-8A243C8A17CF}.Debug|x64.ActiveCfg = Debug|Any CPU
		{7AB0D75C-B975-43B9-B8DA-8A243C8A17CF}.Debug|x64.Build.0 = Debug|Any CPU
		{7AB0D75C-B975-43B9-B8DA-8A243C8A17CF}.Debug|x86.ActiveCfg = Debug|Any CPU
		{7AB0D75C-B975-43B9-B8DA-8A243C8A17CF}.Debug|x86.Build.0 = Debug|Any CPU
		{7AB0D75C-B975-43B9-B8DA-8A243C8A17CF}.Release|Any CPU.ActiveCfg = Release|Any CPU
		{7AB0D75C-B975-43B9-B8DA-8A243C8A17CF}.Release|Any CPU.Build.0 = Release|Any CPU
		{7AB0D75C-B975-43B9-B8DA-8A243C8A17CF}.Release|x64.ActiveCfg = Release|Any CPU
		{7AB0D75C-B975-43B9-B8DA-8A243C8A17CF}.Release|x64.Build.0 = Release|Any CPU
		{7AB0D75C-B975-43B9-B8DA-8A243C8A17CF}.Release|x86.ActiveCfg = Release|Any CPU
		{7AB0D75C-B975-43B9-B8DA-8A243C8A17CF}.Release|x86.Build.0 = Release|Any CPU
		{6990BBE6-8840-49F3-A9C9-70577D0228EE}.Debug|Any CPU.ActiveCfg = Debug|Any CPU
		{6990BBE6-8840-49F3-A9C9-70577D0228EE}.Debug|Any CPU.Build.0 = Debug|Any CPU
		{6990BBE6-8840-49F3-A9C9-70577D0228EE}.Debug|x64.ActiveCfg = Debug|Any CPU
		{6990BBE6-8840-49F3-A9C9-70577D0228EE}.Debug|x64.Build.0 = Debug|Any CPU
		{6990BBE6-8840-49F3-A9C9-70577D0228EE}.Debug|x86.ActiveCfg = Debug|Any CPU
		{6990BBE6-8840-49F3-A9C9-70577D0228EE}.Debug|x86.Build.0 = Debug|Any CPU
		{6990BBE6-8840-49F3-A9C9-70577D0228EE}.Release|Any CPU.ActiveCfg = Release|Any CPU
		{6990BBE6-8840-49F3-A9C9-70577D0228EE}.Release|Any CPU.Build.0 = Release|Any CPU
		{6990BBE6-8840-49F3-A9C9-70577D0228EE}.Release|x64.ActiveCfg = Release|Any CPU
		{6990BBE6-8840-49F3-A9C9-70577D0228EE}.Release|x64.Build.0 = Release|Any CPU
		{6990BBE6-8840-49F3-A9C9-70577D0228EE}.Release|x86.ActiveCfg = Release|Any CPU
		{6990BBE6-8840-49F3-A9C9-70577D0228EE}.Release|x86.Build.0 = Release|Any CPU
	EndGlobalSection
	GlobalSection(SolutionProperties) = preSolution
		HideSolutionNode = FALSE
	EndGlobalSection
	GlobalSection(NestedProjects) = preSolution
		{359CC987-E7D4-4BD4-8222-104F0CDC6756} = {827E0CD3-B72D-47B6-A68D-7590B98EB39B}
		{11E94D15-BAB9-479F-A598-A1680C0A73CD} = {827E0CD3-B72D-47B6-A68D-7590B98EB39B}
		{624C287B-1F78-4CA1-B455-632A5C2CFCF7} = {827E0CD3-B72D-47B6-A68D-7590B98EB39B}
		{7AB0D75C-B975-43B9-B8DA-8A243C8A17CF} = {827E0CD3-B72D-47B6-A68D-7590B98EB39B}
		{6990BBE6-8840-49F3-A9C9-70577D0228EE} = {0AB3BF05-4346-4AA6-1389-037BE0695223}
	EndGlobalSection
EndGlobal
